
Microsoft Visual Studio Solution File, Format Version 12.00
# Visual Studio Version 16
VisualStudioVersion = 16.0.30711.63
MinimumVisualStudioVersion = 10.0.40219.1
Project("{FAE04EC0-301F-11D3-BF4B-00C04F79EFBC}") = "EnterpriseSystemsDevelopment_EPortfolio", "EnterpriseSystemsDevelopment_EPortfolio.csproj", "{AD53A22F-C369-45FD-B9A6-1D0F2C060C3E}"
EndProject
Global
	GlobalSection(SolutionConfigurationPlatforms) = preSolution
		Debug|Any CPU = Debug|Any CPU
		Release|Any CPU = Release|Any CPU
	EndGlobalSection
	GlobalSection(ProjectConfigurationPlatforms) = postSolution
		{AD53A22F-C369-45FD-B9A6-1D0F2C060C3E}.Debug|Any CPU.ActiveCfg = Debug|Any CPU
		{AD53A22F-C369-45FD-B9A6-1D0F2C060C3E}.Debug|Any CPU.Build.0 = Debug|Any CPU
		{AD53A22F-C369-45FD-B9A6-1D0F2C060C3E}.Release|Any CPU.ActiveCfg = Release|Any CPU
		{AD53A22F-C369-45FD-B9A6-1D0F2C060C3E}.Release|Any CPU.Build.0 = Release|Any CPU
	EndGlobalSection
	GlobalSection(SolutionProperties) = preSolution
		HideSolutionNode = FALSE
	EndGlobalSection
	GlobalSection(ExtensibilityGlobals) = postSolution
		SolutionGuid = {C90AFEF6-67A9-43CA-9ABF-763C65426B6E}
	EndGlobalSection
EndGlobal
